# This file is automatically @generated by Cargo.
# It is not intended for manual editing.
version = 4

[[package]]
name = "gridfpv-app"
version = "0.1.0"
dependencies = [
 "gridfpv-events",
 "gridfpv-projection",
 "gridfpv-storage",
]

[[package]]
name = "gridfpv-events"
version = "0.1.0"

[[package]]
name = "gridfpv-projection"
version = "0.1.0"
dependencies = [
 "gridfpv-events",
 "gridfpv-storage",
]

[[package]]
name = "gridfpv-storage"
version = "0.1.0"
dependencies = [
 "gridfpv-events",
]

[[package]]
name = "xtask"
version = "0.1.0"
